
Microsoft Visual Studio Solution File, Format Version 12.00
# Visual Studio Version 17
VisualStudioVersion = 17.7.34018.315
MinimumVisualStudioVersion = 10.0.40219.1
Project("{9A19103F-16F7-4668-BE54-9A1E7A4F7556}") = "Locompro", "Locompro\Locompro.csproj", "{810C4903-CADB-4CB8-84FD-22D4FE0FBFEC}"
EndProject
Project("{9A19103F-16F7-4668-BE54-9A1E7A4F7556}") = "Locompro.Tests", "tests\unit_tests\Locompro.Tests\Locompro.Tests.csproj", "{0059583C-53EC-44A1-B444-91A50C8CF68E}"
EndProject
Global
	GlobalSection(SolutionConfigurationPlatforms) = preSolution
		Debug|Any CPU = Debug|Any CPU
		Release|Any CPU = Release|Any CPU
	EndGlobalSection
	GlobalSection(ProjectConfigurationPlatforms) = postSolution
		{810C4903-CADB-4CB8-84FD-22D4FE0FBFEC}.Debug|Any CPU.ActiveCfg = Debug|Any CPU
		{810C4903-CADB-4CB8-84FD-22D4FE0FBFEC}.Debug|Any CPU.Build.0 = Debug|Any CPU
		{810C4903-CADB-4CB8-84FD-22D4FE0FBFEC}.Release|Any CPU.ActiveCfg = Release|Any CPU
		{810C4903-CADB-4CB8-84FD-22D4FE0FBFEC}.Release|Any CPU.Build.0 = Release|Any CPU
		{0059583C-53EC-44A1-B444-91A50C8CF68E}.Debug|Any CPU.ActiveCfg = Debug|Any CPU
		{0059583C-53EC-44A1-B444-91A50C8CF68E}.Debug|Any CPU.Build.0 = Debug|Any CPU
		{0059583C-53EC-44A1-B444-91A50C8CF68E}.Release|Any CPU.ActiveCfg = Release|Any CPU
		{0059583C-53EC-44A1-B444-91A50C8CF68E}.Release|Any CPU.Build.0 = Release|Any CPU
	EndGlobalSection
	GlobalSection(SolutionProperties) = preSolution
		HideSolutionNode = FALSE
	EndGlobalSection
	GlobalSection(ExtensibilityGlobals) = postSolution
		SolutionGuid = {363AD34D-37D5-4862-A57B-8586C3337F01}
	EndGlobalSection
EndGlobal
