
Microsoft Visual Studio Solution File, Format Version 12.00
# Visual Studio Version 17
VisualStudioVersion = 17.7.34018.315
MinimumVisualStudioVersion = 10.0.40219.1
Project("{FAE04EC0-301F-11D3-BF4B-00C04F79EFBC}") = "locompro", "locompro\locompro.csproj", "{33B7F248-AB95-4CDB-B8B6-231D0FBE3B26}"
EndProject
Global
	GlobalSection(SolutionConfigurationPlatforms) = preSolution
		Debug|Any CPU = Debug|Any CPU
		Release|Any CPU = Release|Any CPU
	EndGlobalSection
	GlobalSection(ProjectConfigurationPlatforms) = postSolution
		{33B7F248-AB95-4CDB-B8B6-231D0FBE3B26}.Debug|Any CPU.ActiveCfg = Debug|Any CPU
		{33B7F248-AB95-4CDB-B8B6-231D0FBE3B26}.Debug|Any CPU.Build.0 = Debug|Any CPU
		{33B7F248-AB95-4CDB-B8B6-231D0FBE3B26}.Release|Any CPU.ActiveCfg = Release|Any CPU
		{33B7F248-AB95-4CDB-B8B6-231D0FBE3B26}.Release|Any CPU.Build.0 = Release|Any CPU
	EndGlobalSection
	GlobalSection(SolutionProperties) = preSolution
		HideSolutionNode = FALSE
	EndGlobalSection
	GlobalSection(ExtensibilityGlobals) = postSolution
		SolutionGuid = {CEDFA6F0-5BC9-49E5-896B-3BC7D48A7EB2}
	EndGlobalSection
EndGlobal
